
Microsoft Visual Studio Solution File, Format Version 12.00
# Visual Studio Version 16
VisualStudioVersion = 16.0.30011.22
MinimumVisualStudioVersion = 10.0.40219.1
Project("{9A19103F-16F7-4668-BE54-9A1E7A4F7556}") = "Orders.API", "Orders.API.csproj", "{5270CE8B-5CAF-4B58-BAA1-7744CF225AE5}"
EndProject
Project("{9A19103F-16F7-4668-BE54-9A1E7A4F7556}") = "Orders.API.DAL", "..\Orders.API.DAL\Orders.API.DAL.csproj", "{5F3CA74D-81B4-4DE6-8059-6C420C15B516}"
EndProject
Project("{9A19103F-16F7-4668-BE54-9A1E7A4F7556}") = "Orders.API.Entities", "..\Orders.API.Entities\Orders.API.Entities.csproj", "{7E6249AC-5C0F-4FFF-BC4D-7D0BE28113B5}"
EndProject
Project("{FAE04EC0-301F-11D3-BF4B-00C04F79EFBC}") = "Orders.API.Services", "..\Orders.API.Services\Orders.API.Services.csproj", "{90042246-859E-4CF6-B1AF-FC29DE9AB51B}"
EndProject
Project("{FAE04EC0-301F-11D3-BF4B-00C04F79EFBC}") = "Orders.API.Utilities", "..\Orders.API.Utilities\Orders.API.Utilities.csproj", "{30A51B80-1590-4016-B290-C8E3304C23DF}"
EndProject
Project("{FAE04EC0-301F-11D3-BF4B-00C04F79EFBC}") = "Orders.API.Models", "..\Orders.API.Models\Orders.API.Models.csproj", "{CAABCFD2-0279-4672-AFE3-7508DF8E0642}"
EndProject
Project("{FAE04EC0-301F-11D3-BF4B-00C04F79EFBC}") = "Orders.API.Core", "..\Orders.API.Core\Orders.API.Core.csproj", "{EC60B84E-D110-42C3-87EE-17A301B1DCBA}"
EndProject
Global
	GlobalSection(SolutionConfigurationPlatforms) = preSolution
		Debug|Any CPU = Debug|Any CPU
		Release|Any CPU = Release|Any CPU
	EndGlobalSection
	GlobalSection(ProjectConfigurationPlatforms) = postSolution
		{5270CE8B-5CAF-4B58-BAA1-7744CF225AE5}.Debug|Any CPU.ActiveCfg = Debug|Any CPU
		{5270CE8B-5CAF-4B58-BAA1-7744CF225AE5}.Debug|Any CPU.Build.0 = Debug|Any CPU
		{5270CE8B-5CAF-4B58-BAA1-7744CF225AE5}.Release|Any CPU.ActiveCfg = Release|Any CPU
		{5270CE8B-5CAF-4B58-BAA1-7744CF225AE5}.Release|Any CPU.Build.0 = Release|Any CPU
		{5F3CA74D-81B4-4DE6-8059-6C420C15B516}.Debug|Any CPU.ActiveCfg = Debug|Any CPU
		{5F3CA74D-81B4-4DE6-8059-6C420C15B516}.Debug|Any CPU.Build.0 = Debug|Any CPU
		{5F3CA74D-81B4-4DE6-8059-6C420C15B516}.Release|Any CPU.ActiveCfg = Release|Any CPU
		{5F3CA74D-81B4-4DE6-8059-6C420C15B516}.Release|Any CPU.Build.0 = Release|Any CPU
		{7E6249AC-5C0F-4FFF-BC4D-7D0BE28113B5}.Debug|Any CPU.ActiveCfg = Debug|Any CPU
		{7E6249AC-5C0F-4FFF-BC4D-7D0BE28113B5}.Debug|Any CPU.Build.0 = Debug|Any CPU
		{7E6249AC-5C0F-4FFF-BC4D-7D0BE28113B5}.Release|Any CPU.ActiveCfg = Release|Any CPU
		{7E6249AC-5C0F-4FFF-BC4D-7D0BE28113B5}.Release|Any CPU.Build.0 = Release|Any CPU
		{90042246-859E-4CF6-B1AF-FC29DE9AB51B}.Debug|Any CPU.ActiveCfg = Debug|Any CPU
		{90042246-859E-4CF6-B1AF-FC29DE9AB51B}.Debug|Any CPU.Build.0 = Debug|Any CPU
		{90042246-859E-4CF6-B1AF-FC29DE9AB51B}.Release|Any CPU.ActiveCfg = Release|Any CPU
		{90042246-859E-4CF6-B1AF-FC29DE9AB51B}.Release|Any CPU.Build.0 = Release|Any CPU
		{30A51B80-1590-4016-B290-C8E3304C23DF}.Debug|Any CPU.ActiveCfg = Debug|Any CPU
		{30A51B80-1590-4016-B290-C8E3304C23DF}.Debug|Any CPU.Build.0 = Debug|Any CPU
		{30A51B80-1590-4016-B290-C8E3304C23DF}.Release|Any CPU.ActiveCfg = Release|Any CPU
		{30A51B80-1590-4016-B290-C8E3304C23DF}.Release|Any CPU.Build.0 = Release|Any CPU
		{CAABCFD2-0279-4672-AFE3-7508DF8E0642}.Debug|Any CPU.ActiveCfg = Debug|Any CPU
		{CAABCFD2-0279-4672-AFE3-7508DF8E0642}.Debug|Any CPU.Build.0 = Debug|Any CPU
		{CAABCFD2-0279-4672-AFE3-7508DF8E0642}.Release|Any CPU.ActiveCfg = Release|Any CPU
		{CAABCFD2-0279-4672-AFE3-7508DF8E0642}.Release|Any CPU.Build.0 = Release|Any CPU
		{EC60B84E-D110-42C3-87EE-17A301B1DCBA}.Debug|Any CPU.ActiveCfg = Debug|Any CPU
		{EC60B84E-D110-42C3-87EE-17A301B1DCBA}.Debug|Any CPU.Build.0 = Debug|Any CPU
		{EC60B84E-D110-42C3-87EE-17A301B1DCBA}.Release|Any CPU.ActiveCfg = Release|Any CPU
		{EC60B84E-D110-42C3-87EE-17A301B1DCBA}.Release|Any CPU.Build.0 = Release|Any CPU
	EndGlobalSection
	GlobalSection(SolutionProperties) = preSolution
		HideSolutionNode = FALSE
	EndGlobalSection
	GlobalSection(ExtensibilityGlobals) = postSolution
		SolutionGuid = {C42B279A-765B-4DE8-9235-3D40ADECFB65}
	EndGlobalSection
EndGlobal
